
Microsoft Visual Studio Solution File, Format Version 12.00
# Visual Studio 15
VisualStudioVersion = 15.0.27130.2036
MinimumVisualStudioVersion = 10.0.40219.1
Project("{FAE04EC0-301F-11D3-BF4B-00C04F79EFBC}") = "EF6MigrationSugar.DataAccess", "EF6MigrationSugar.DataAccess\EF6MigrationSugar.DataAccess.csproj", "{D7EA772D-2051-4F2F-94EA-898F7BF2F6B4}"
EndProject
Project("{FAE04EC0-301F-11D3-BF4B-00C04F79EFBC}") = "Ef6MigrationSugar.Models", "Ef6MigrationSugar.Models\Ef6MigrationSugar.Models.csproj", "{E3176803-678F-4267-ACAC-47B04EB5544D}"
EndProject
Global
	GlobalSection(SolutionConfigurationPlatforms) = preSolution
		Debug|Any CPU = Debug|Any CPU
		Release|Any CPU = Release|Any CPU
	EndGlobalSection
	GlobalSection(ProjectConfigurationPlatforms) = postSolution
		{D7EA772D-2051-4F2F-94EA-898F7BF2F6B4}.Debug|Any CPU.ActiveCfg = Debug|Any CPU
		{D7EA772D-2051-4F2F-94EA-898F7BF2F6B4}.Debug|Any CPU.Build.0 = Debug|Any CPU
		{D7EA772D-2051-4F2F-94EA-898F7BF2F6B4}.Release|Any CPU.ActiveCfg = Release|Any CPU
		{D7EA772D-2051-4F2F-94EA-898F7BF2F6B4}.Release|Any CPU.Build.0 = Release|Any CPU
		{E3176803-678F-4267-ACAC-47B04EB5544D}.Debug|Any CPU.ActiveCfg = Debug|Any CPU
		{E3176803-678F-4267-ACAC-47B04EB5544D}.Debug|Any CPU.Build.0 = Debug|Any CPU
		{E3176803-678F-4267-ACAC-47B04EB5544D}.Release|Any CPU.ActiveCfg = Release|Any CPU
		{E3176803-678F-4267-ACAC-47B04EB5544D}.Release|Any CPU.Build.0 = Release|Any CPU
	EndGlobalSection
	GlobalSection(SolutionProperties) = preSolution
		HideSolutionNode = FALSE
	EndGlobalSection
	GlobalSection(ExtensibilityGlobals) = postSolution
		SolutionGuid = {D16B447F-186A-47B3-92EA-BB8B53419051}
	EndGlobalSection
EndGlobal
